
Microsoft Visual Studio Solution File, Format Version 12.00
# Visual Studio 15
VisualStudioVersion = 15.0.28010.2016
MinimumVisualStudioVersion = 10.0.40219.1
Project("{FAE04EC0-301F-11D3-BF4B-00C04F79EFBC}") = "MotodoBurbuja", "MotodoBurbuja\MotodoBurbuja.csproj", "{DE56650F-B86D-4702-9DE4-09881760C248}"
EndProject
Global
	GlobalSection(SolutionConfigurationPlatforms) = preSolution
		Debug|Any CPU = Debug|Any CPU
		Release|Any CPU = Release|Any CPU
	EndGlobalSection
	GlobalSection(ProjectConfigurationPlatforms) = postSolution
		{DE56650F-B86D-4702-9DE4-09881760C248}.Debug|Any CPU.ActiveCfg = Debug|Any CPU
		{DE56650F-B86D-4702-9DE4-09881760C248}.Debug|Any CPU.Build.0 = Debug|Any CPU
		{DE56650F-B86D-4702-9DE4-09881760C248}.Release|Any CPU.ActiveCfg = Release|Any CPU
		{DE56650F-B86D-4702-9DE4-09881760C248}.Release|Any CPU.Build.0 = Release|Any CPU
	EndGlobalSection
	GlobalSection(SolutionProperties) = preSolution
		HideSolutionNode = FALSE
	EndGlobalSection
	GlobalSection(ExtensibilityGlobals) = postSolution
		SolutionGuid = {D051E4E1-AC1E-47FC-8CB0-FD2879B9B280}
	EndGlobalSection
EndGlobal
